
Microsoft Visual Studio Solution File, Format Version 12.00
# Visual Studio Version 16
VisualStudioVersion = 16.0.35731.53
MinimumVisualStudioVersion = 10.0.40219.1
Project("{FAE04EC0-301F-11D3-BF4B-00C04F79EFBC}") = "Practice", "Practice\Practice.csproj", "{DBAB6EDF-9314-4F4E-87E2-F43F92BD865C}"
EndProject
Global
	GlobalSection(SolutionConfigurationPlatforms) = preSolution
		Debug|Any CPU = Debug|Any CPU
		Release|Any CPU = Release|Any CPU
	EndGlobalSection
	GlobalSection(ProjectConfigurationPlatforms) = postSolution
		{DBAB6EDF-9314-4F4E-87E2-F43F92BD865C}.Debug|Any CPU.ActiveCfg = Debug|Any CPU
		{DBAB6EDF-9314-4F4E-87E2-F43F92BD865C}.Debug|Any CPU.Build.0 = Debug|Any CPU
		{DBAB6EDF-9314-4F4E-87E2-F43F92BD865C}.Release|Any CPU.ActiveCfg = Release|Any CPU
		{DBAB6EDF-9314-4F4E-87E2-F43F92BD865C}.Release|Any CPU.Build.0 = Release|Any CPU
	EndGlobalSection
	GlobalSection(SolutionProperties) = preSolution
		HideSolutionNode = FALSE
	EndGlobalSection
	GlobalSection(ExtensibilityGlobals) = postSolution
		SolutionGuid = {6F40E750-ADBE-4B3A-9BFB-AFC557CA9D8D}
	EndGlobalSection
EndGlobal
