
Microsoft Visual Studio Solution File, Format Version 12.00
# Visual Studio Version 16
VisualStudioVersion = 16.0.35731.53
MinimumVisualStudioVersion = 10.0.40219.1
Project("{FAE04EC0-301F-11D3-BF4B-00C04F79EFBC}") = "StringAndStringBuilder", "StringAndStringBuilder\StringAndStringBuilder.csproj", "{77C14E5A-6995-4EF6-96C6-6FE55527CCBA}"
EndProject
Global
	GlobalSection(SolutionConfigurationPlatforms) = preSolution
		Debug|Any CPU = Debug|Any CPU
		Release|Any CPU = Release|Any CPU
	EndGlobalSection
	GlobalSection(ProjectConfigurationPlatforms) = postSolution
		{77C14E5A-6995-4EF6-96C6-6FE55527CCBA}.Debug|Any CPU.ActiveCfg = Debug|Any CPU
		{77C14E5A-6995-4EF6-96C6-6FE55527CCBA}.Debug|Any CPU.Build.0 = Debug|Any CPU
		{77C14E5A-6995-4EF6-96C6-6FE55527CCBA}.Release|Any CPU.ActiveCfg = Release|Any CPU
		{77C14E5A-6995-4EF6-96C6-6FE55527CCBA}.Release|Any CPU.Build.0 = Release|Any CPU
	EndGlobalSection
	GlobalSection(SolutionProperties) = preSolution
		HideSolutionNode = FALSE
	EndGlobalSection
	GlobalSection(ExtensibilityGlobals) = postSolution
		SolutionGuid = {A7097E29-46A2-475F-90FB-534BB697D754}
	EndGlobalSection
EndGlobal
