
Microsoft Visual Studio Solution File, Format Version 12.00
# Visual Studio Version 16
VisualStudioVersion = 16.0.35731.53
MinimumVisualStudioVersion = 10.0.40219.1
Project("{FAE04EC0-301F-11D3-BF4B-00C04F79EFBC}") = "StarPattern", "StarPattern\StarPattern.csproj", "{0A304BEB-2C2C-49FD-87A4-C0E5AAFB91CC}"
EndProject
Global
	GlobalSection(SolutionConfigurationPlatforms) = preSolution
		Debug|Any CPU = Debug|Any CPU
		Release|Any CPU = Release|Any CPU
	EndGlobalSection
	GlobalSection(ProjectConfigurationPlatforms) = postSolution
		{0A304BEB-2C2C-49FD-87A4-C0E5AAFB91CC}.Debug|Any CPU.ActiveCfg = Debug|Any CPU
		{0A304BEB-2C2C-49FD-87A4-C0E5AAFB91CC}.Debug|Any CPU.Build.0 = Debug|Any CPU
		{0A304BEB-2C2C-49FD-87A4-C0E5AAFB91CC}.Release|Any CPU.ActiveCfg = Release|Any CPU
		{0A304BEB-2C2C-49FD-87A4-C0E5AAFB91CC}.Release|Any CPU.Build.0 = Release|Any CPU
	EndGlobalSection
	GlobalSection(SolutionProperties) = preSolution
		HideSolutionNode = FALSE
	EndGlobalSection
	GlobalSection(ExtensibilityGlobals) = postSolution
		SolutionGuid = {63D4BCFB-14C0-449B-B583-D0FF59F643F2}
	EndGlobalSection
EndGlobal
