
Microsoft Visual Studio Solution File, Format Version 12.00
# Visual Studio Version 16
VisualStudioVersion = 16.0.35731.53
MinimumVisualStudioVersion = 10.0.40219.1
Project("{FAE04EC0-301F-11D3-BF4B-00C04F79EFBC}") = "ArrayPractice", "ArrayPractice\ArrayPractice.csproj", "{642B3E95-8870-4F01-BBB8-6280DF9E2F24}"
EndProject
Global
	GlobalSection(SolutionConfigurationPlatforms) = preSolution
		Debug|Any CPU = Debug|Any CPU
		Release|Any CPU = Release|Any CPU
	EndGlobalSection
	GlobalSection(ProjectConfigurationPlatforms) = postSolution
		{642B3E95-8870-4F01-BBB8-6280DF9E2F24}.Debug|Any CPU.ActiveCfg = Debug|Any CPU
		{642B3E95-8870-4F01-BBB8-6280DF9E2F24}.Debug|Any CPU.Build.0 = Debug|Any CPU
		{642B3E95-8870-4F01-BBB8-6280DF9E2F24}.Release|Any CPU.ActiveCfg = Release|Any CPU
		{642B3E95-8870-4F01-BBB8-6280DF9E2F24}.Release|Any CPU.Build.0 = Release|Any CPU
	EndGlobalSection
	GlobalSection(SolutionProperties) = preSolution
		HideSolutionNode = FALSE
	EndGlobalSection
	GlobalSection(ExtensibilityGlobals) = postSolution
		SolutionGuid = {0BCEB879-BE49-45C0-9820-9BFC2242058A}
	EndGlobalSection
EndGlobal
