
Microsoft Visual Studio Solution File, Format Version 12.00
# Visual Studio Version 16
VisualStudioVersion = 16.0.35731.53
MinimumVisualStudioVersion = 10.0.40219.1
Project("{FAE04EC0-301F-11D3-BF4B-00C04F79EFBC}") = "Multi_User_Reg_Login", "Multi_User_Reg_Login\Multi_User_Reg_Login.csproj", "{1042014E-52F9-4241-B1CB-48FBA9734BEF}"
EndProject
Global
	GlobalSection(SolutionConfigurationPlatforms) = preSolution
		Debug|Any CPU = Debug|Any CPU
		Release|Any CPU = Release|Any CPU
	EndGlobalSection
	GlobalSection(ProjectConfigurationPlatforms) = postSolution
		{1042014E-52F9-4241-B1CB-48FBA9734BEF}.Debug|Any CPU.ActiveCfg = Debug|Any CPU
		{1042014E-52F9-4241-B1CB-48FBA9734BEF}.Debug|Any CPU.Build.0 = Debug|Any CPU
		{1042014E-52F9-4241-B1CB-48FBA9734BEF}.Release|Any CPU.ActiveCfg = Release|Any CPU
		{1042014E-52F9-4241-B1CB-48FBA9734BEF}.Release|Any CPU.Build.0 = Release|Any CPU
	EndGlobalSection
	GlobalSection(SolutionProperties) = preSolution
		HideSolutionNode = FALSE
	EndGlobalSection
	GlobalSection(ExtensibilityGlobals) = postSolution
		SolutionGuid = {CF0567C3-C3E9-4C14-86B0-368F5F6F313D}
	EndGlobalSection
EndGlobal
