
Microsoft Visual Studio Solution File, Format Version 12.00
# Visual Studio Version 16
VisualStudioVersion = 16.0.35731.53
MinimumVisualStudioVersion = 10.0.40219.1
Project("{FAE04EC0-301F-11D3-BF4B-00C04F79EFBC}") = "ASP_SP_Example", "ASP_SP_Example\ASP_SP_Example.csproj", "{956AE83C-BFE5-4BAF-A478-0BC1CC10ABAE}"
EndProject
Global
	GlobalSection(SolutionConfigurationPlatforms) = preSolution
		Debug|Any CPU = Debug|Any CPU
		Release|Any CPU = Release|Any CPU
	EndGlobalSection
	GlobalSection(ProjectConfigurationPlatforms) = postSolution
		{956AE83C-BFE5-4BAF-A478-0BC1CC10ABAE}.Debug|Any CPU.ActiveCfg = Debug|Any CPU
		{956AE83C-BFE5-4BAF-A478-0BC1CC10ABAE}.Debug|Any CPU.Build.0 = Debug|Any CPU
		{956AE83C-BFE5-4BAF-A478-0BC1CC10ABAE}.Release|Any CPU.ActiveCfg = Release|Any CPU
		{956AE83C-BFE5-4BAF-A478-0BC1CC10ABAE}.Release|Any CPU.Build.0 = Release|Any CPU
	EndGlobalSection
	GlobalSection(SolutionProperties) = preSolution
		HideSolutionNode = FALSE
	EndGlobalSection
	GlobalSection(ExtensibilityGlobals) = postSolution
		SolutionGuid = {DBCEFB34-0E7C-4CFC-92E1-0087F1C19C89}
	EndGlobalSection
EndGlobal
