
Microsoft Visual Studio Solution File, Format Version 12.00
# Visual Studio Version 16
VisualStudioVersion = 16.0.35731.53
MinimumVisualStudioVersion = 10.0.40219.1
Project("{FAE04EC0-301F-11D3-BF4B-00C04F79EFBC}") = "MultiCastDelegate", "MultiCastDelegate\MultiCastDelegate.csproj", "{AC10DA1F-DE6A-476D-B94C-B1C8BD099384}"
EndProject
Global
	GlobalSection(SolutionConfigurationPlatforms) = preSolution
		Debug|Any CPU = Debug|Any CPU
		Release|Any CPU = Release|Any CPU
	EndGlobalSection
	GlobalSection(ProjectConfigurationPlatforms) = postSolution
		{AC10DA1F-DE6A-476D-B94C-B1C8BD099384}.Debug|Any CPU.ActiveCfg = Debug|Any CPU
		{AC10DA1F-DE6A-476D-B94C-B1C8BD099384}.Debug|Any CPU.Build.0 = Debug|Any CPU
		{AC10DA1F-DE6A-476D-B94C-B1C8BD099384}.Release|Any CPU.ActiveCfg = Release|Any CPU
		{AC10DA1F-DE6A-476D-B94C-B1C8BD099384}.Release|Any CPU.Build.0 = Release|Any CPU
	EndGlobalSection
	GlobalSection(SolutionProperties) = preSolution
		HideSolutionNode = FALSE
	EndGlobalSection
	GlobalSection(ExtensibilityGlobals) = postSolution
		SolutionGuid = {E0574A0A-5A04-44F7-9A24-22883496F536}
	EndGlobalSection
EndGlobal
