
Microsoft Visual Studio Solution File, Format Version 12.00
# Visual Studio Version 16
VisualStudioVersion = 16.0.35731.53
MinimumVisualStudioVersion = 10.0.40219.1
Project("{FAE04EC0-301F-11D3-BF4B-00C04F79EFBC}") = "Property", "Property\Property.csproj", "{A9F25B5A-97A6-43F7-9BE0-ECDCB524547A}"
EndProject
Global
	GlobalSection(SolutionConfigurationPlatforms) = preSolution
		Debug|Any CPU = Debug|Any CPU
		Release|Any CPU = Release|Any CPU
	EndGlobalSection
	GlobalSection(ProjectConfigurationPlatforms) = postSolution
		{A9F25B5A-97A6-43F7-9BE0-ECDCB524547A}.Debug|Any CPU.ActiveCfg = Debug|Any CPU
		{A9F25B5A-97A6-43F7-9BE0-ECDCB524547A}.Debug|Any CPU.Build.0 = Debug|Any CPU
		{A9F25B5A-97A6-43F7-9BE0-ECDCB524547A}.Release|Any CPU.ActiveCfg = Release|Any CPU
		{A9F25B5A-97A6-43F7-9BE0-ECDCB524547A}.Release|Any CPU.Build.0 = Release|Any CPU
	EndGlobalSection
	GlobalSection(SolutionProperties) = preSolution
		HideSolutionNode = FALSE
	EndGlobalSection
	GlobalSection(ExtensibilityGlobals) = postSolution
		SolutionGuid = {5BBCE782-CB08-4487-A7C1-0609ED468E24}
	EndGlobalSection
EndGlobal
