
Microsoft Visual Studio Solution File, Format Version 12.00
# Visual Studio Version 16
VisualStudioVersion = 16.0.35731.53
MinimumVisualStudioVersion = 10.0.40219.1
Project("{FAE04EC0-301F-11D3-BF4B-00C04F79EFBC}") = "ThreeLayerApp", "ThreeLayerApp\ThreeLayerApp.csproj", "{FE40CFC9-33A3-41CD-8EDB-8BF04B283C07}"
EndProject
Project("{FAE04EC0-301F-11D3-BF4B-00C04F79EFBC}") = "BusLogicLayer", "BusLogicLayer\BusLogicLayer.csproj", "{75865DC2-083B-4279-92F5-E57BA010A170}"
EndProject
Project("{FAE04EC0-301F-11D3-BF4B-00C04F79EFBC}") = "DAL", "DAL\DAL.csproj", "{94C7EC05-0ABB-4E46-B3F9-D23C48B519C3}"
EndProject
Global
	GlobalSection(SolutionConfigurationPlatforms) = preSolution
		Debug|Any CPU = Debug|Any CPU
		Release|Any CPU = Release|Any CPU
	EndGlobalSection
	GlobalSection(ProjectConfigurationPlatforms) = postSolution
		{FE40CFC9-33A3-41CD-8EDB-8BF04B283C07}.Debug|Any CPU.ActiveCfg = Debug|Any CPU
		{FE40CFC9-33A3-41CD-8EDB-8BF04B283C07}.Debug|Any CPU.Build.0 = Debug|Any CPU
		{FE40CFC9-33A3-41CD-8EDB-8BF04B283C07}.Release|Any CPU.ActiveCfg = Release|Any CPU
		{FE40CFC9-33A3-41CD-8EDB-8BF04B283C07}.Release|Any CPU.Build.0 = Release|Any CPU
		{75865DC2-083B-4279-92F5-E57BA010A170}.Debug|Any CPU.ActiveCfg = Debug|Any CPU
		{75865DC2-083B-4279-92F5-E57BA010A170}.Debug|Any CPU.Build.0 = Debug|Any CPU
		{75865DC2-083B-4279-92F5-E57BA010A170}.Release|Any CPU.ActiveCfg = Release|Any CPU
		{75865DC2-083B-4279-92F5-E57BA010A170}.Release|Any CPU.Build.0 = Release|Any CPU
		{94C7EC05-0ABB-4E46-B3F9-D23C48B519C3}.Debug|Any CPU.ActiveCfg = Debug|Any CPU
		{94C7EC05-0ABB-4E46-B3F9-D23C48B519C3}.Debug|Any CPU.Build.0 = Debug|Any CPU
		{94C7EC05-0ABB-4E46-B3F9-D23C48B519C3}.Release|Any CPU.ActiveCfg = Release|Any CPU
		{94C7EC05-0ABB-4E46-B3F9-D23C48B519C3}.Release|Any CPU.Build.0 = Release|Any CPU
	EndGlobalSection
	GlobalSection(SolutionProperties) = preSolution
		HideSolutionNode = FALSE
	EndGlobalSection
	GlobalSection(ExtensibilityGlobals) = postSolution
		SolutionGuid = {D08EEE0B-3C22-4F8A-9662-95CF72EBA75B}
	EndGlobalSection
EndGlobal
