
Microsoft Visual Studio Solution File, Format Version 12.00
# Visual Studio Version 16
VisualStudioVersion = 16.0.35731.53
MinimumVisualStudioVersion = 10.0.40219.1
Project("{FAE04EC0-301F-11D3-BF4B-00C04F79EFBC}") = "SquarePattern", "SquarePattern\SquarePattern.csproj", "{E816590B-77CE-4F66-8E0D-54D7CAFF9BD4}"
EndProject
Global
	GlobalSection(SolutionConfigurationPlatforms) = preSolution
		Debug|Any CPU = Debug|Any CPU
		Release|Any CPU = Release|Any CPU
	EndGlobalSection
	GlobalSection(ProjectConfigurationPlatforms) = postSolution
		{E816590B-77CE-4F66-8E0D-54D7CAFF9BD4}.Debug|Any CPU.ActiveCfg = Debug|Any CPU
		{E816590B-77CE-4F66-8E0D-54D7CAFF9BD4}.Debug|Any CPU.Build.0 = Debug|Any CPU
		{E816590B-77CE-4F66-8E0D-54D7CAFF9BD4}.Release|Any CPU.ActiveCfg = Release|Any CPU
		{E816590B-77CE-4F66-8E0D-54D7CAFF9BD4}.Release|Any CPU.Build.0 = Release|Any CPU
	EndGlobalSection
	GlobalSection(SolutionProperties) = preSolution
		HideSolutionNode = FALSE
	EndGlobalSection
	GlobalSection(ExtensibilityGlobals) = postSolution
		SolutionGuid = {5B54F5B1-9974-479B-A5DB-88D2A8F696E5}
	EndGlobalSection
EndGlobal
