
Microsoft Visual Studio Solution File, Format Version 12.00
# Visual Studio Version 16
VisualStudioVersion = 16.0.35731.53
MinimumVisualStudioVersion = 10.0.40219.1
Project("{FAE04EC0-301F-11D3-BF4B-00C04F79EFBC}") = "AbstractClass", "AbstractClass\AbstractClass.csproj", "{0F6107A5-1455-41D1-9879-3D9FA0884EED}"
EndProject
Global
	GlobalSection(SolutionConfigurationPlatforms) = preSolution
		Debug|Any CPU = Debug|Any CPU
		Release|Any CPU = Release|Any CPU
	EndGlobalSection
	GlobalSection(ProjectConfigurationPlatforms) = postSolution
		{0F6107A5-1455-41D1-9879-3D9FA0884EED}.Debug|Any CPU.ActiveCfg = Debug|Any CPU
		{0F6107A5-1455-41D1-9879-3D9FA0884EED}.Debug|Any CPU.Build.0 = Debug|Any CPU
		{0F6107A5-1455-41D1-9879-3D9FA0884EED}.Release|Any CPU.ActiveCfg = Release|Any CPU
		{0F6107A5-1455-41D1-9879-3D9FA0884EED}.Release|Any CPU.Build.0 = Release|Any CPU
	EndGlobalSection
	GlobalSection(SolutionProperties) = preSolution
		HideSolutionNode = FALSE
	EndGlobalSection
	GlobalSection(ExtensibilityGlobals) = postSolution
		SolutionGuid = {24AB7A43-516A-4CB9-9D4A-A4571D3E5EB6}
	EndGlobalSection
EndGlobal
